
Microsoft Visual Studio Solution File, Format Version 12.00
# Visual Studio Version 16
VisualStudioVersion = 16.0.29728.190
MinimumVisualStudioVersion = 10.0.40219.1
Project("{FAE04EC0-301F-11D3-BF4B-00C04F79EFBC}") = "Lect14.Task1", "Lect14.Task1\Lect14.Task1.csproj", "{63C48BD3-758A-4B1A-96D4-4832AFCF1252}"
EndProject
Global
	GlobalSection(SolutionConfigurationPlatforms) = preSolution
		Debug|Any CPU = Debug|Any CPU
		Release|Any CPU = Release|Any CPU
	EndGlobalSection
	GlobalSection(ProjectConfigurationPlatforms) = postSolution
		{63C48BD3-758A-4B1A-96D4-4832AFCF1252}.Debug|Any CPU.ActiveCfg = Debug|Any CPU
		{63C48BD3-758A-4B1A-96D4-4832AFCF1252}.Debug|Any CPU.Build.0 = Debug|Any CPU
		{63C48BD3-758A-4B1A-96D4-4832AFCF1252}.Release|Any CPU.ActiveCfg = Release|Any CPU
		{63C48BD3-758A-4B1A-96D4-4832AFCF1252}.Release|Any CPU.Build.0 = Release|Any CPU
	EndGlobalSection
	GlobalSection(SolutionProperties) = preSolution
		HideSolutionNode = FALSE
	EndGlobalSection
	GlobalSection(ExtensibilityGlobals) = postSolution
		SolutionGuid = {CE5D7FB3-C4FE-4745-9E66-8F2542F1F161}
	EndGlobalSection
EndGlobal
