
Microsoft Visual Studio Solution File, Format Version 12.00
# Visual Studio Version 16
VisualStudioVersion = 16.0.29728.190
MinimumVisualStudioVersion = 10.0.40219.1
Project("{FAE04EC0-301F-11D3-BF4B-00C04F79EFBC}") = "Lect14.Task2", "Lect14.Task2\Lect14.Task2.csproj", "{3C11213E-8C73-4B2C-A63E-4AC33C9C41F1}"
EndProject
Global
	GlobalSection(SolutionConfigurationPlatforms) = preSolution
		Debug|Any CPU = Debug|Any CPU
		Release|Any CPU = Release|Any CPU
	EndGlobalSection
	GlobalSection(ProjectConfigurationPlatforms) = postSolution
		{3C11213E-8C73-4B2C-A63E-4AC33C9C41F1}.Debug|Any CPU.ActiveCfg = Debug|Any CPU
		{3C11213E-8C73-4B2C-A63E-4AC33C9C41F1}.Debug|Any CPU.Build.0 = Debug|Any CPU
		{3C11213E-8C73-4B2C-A63E-4AC33C9C41F1}.Release|Any CPU.ActiveCfg = Release|Any CPU
		{3C11213E-8C73-4B2C-A63E-4AC33C9C41F1}.Release|Any CPU.Build.0 = Release|Any CPU
	EndGlobalSection
	GlobalSection(SolutionProperties) = preSolution
		HideSolutionNode = FALSE
	EndGlobalSection
	GlobalSection(ExtensibilityGlobals) = postSolution
		SolutionGuid = {2B9DC48C-E06C-408E-8B27-92D1A570AEDE}
	EndGlobalSection
EndGlobal
