
Microsoft Visual Studio Solution File, Format Version 12.00
# Visual Studio Version 16
VisualStudioVersion = 16.0.29519.87
MinimumVisualStudioVersion = 10.0.40219.1
Project("{FAE04EC0-301F-11D3-BF4B-00C04F79EFBC}") = "Task_1", "Task_1\Task_1.csproj", "{A2B2D9F2-3845-4603-88F6-E4B39F3E9710}"
EndProject
Project("{FAE04EC0-301F-11D3-BF4B-00C04F79EFBC}") = "Task_2", "Task_2\Task_2.csproj", "{E8D963ED-E02C-474B-A507-BE7342F8A1B2}"
EndProject
Global
	GlobalSection(SolutionConfigurationPlatforms) = preSolution
		Debug|Any CPU = Debug|Any CPU
		Release|Any CPU = Release|Any CPU
	EndGlobalSection
	GlobalSection(ProjectConfigurationPlatforms) = postSolution
		{A2B2D9F2-3845-4603-88F6-E4B39F3E9710}.Debug|Any CPU.ActiveCfg = Debug|Any CPU
		{A2B2D9F2-3845-4603-88F6-E4B39F3E9710}.Debug|Any CPU.Build.0 = Debug|Any CPU
		{A2B2D9F2-3845-4603-88F6-E4B39F3E9710}.Release|Any CPU.ActiveCfg = Release|Any CPU
		{A2B2D9F2-3845-4603-88F6-E4B39F3E9710}.Release|Any CPU.Build.0 = Release|Any CPU
		{E8D963ED-E02C-474B-A507-BE7342F8A1B2}.Debug|Any CPU.ActiveCfg = Debug|Any CPU
		{E8D963ED-E02C-474B-A507-BE7342F8A1B2}.Debug|Any CPU.Build.0 = Debug|Any CPU
		{E8D963ED-E02C-474B-A507-BE7342F8A1B2}.Release|Any CPU.ActiveCfg = Release|Any CPU
		{E8D963ED-E02C-474B-A507-BE7342F8A1B2}.Release|Any CPU.Build.0 = Release|Any CPU
	EndGlobalSection
	GlobalSection(SolutionProperties) = preSolution
		HideSolutionNode = FALSE
	EndGlobalSection
	GlobalSection(ExtensibilityGlobals) = postSolution
		SolutionGuid = {941968BE-FC29-40F4-859F-FBE732A99349}
	EndGlobalSection
EndGlobal
